
Microsoft Visual Studio Solution File, Format Version 12.00
# Visual Studio 2012
Project("{E24C65DC-7377-472B-9ABA-BC803B73C61A}") = "htmlcss1-code", "htmlcss1-code\", "{4EA9CB75-853E-45FF-90D8-6A8FACBF7BCF}"
	ProjectSection(WebsiteProperties) = preProject
		TargetFrameworkMoniker = ".NETFramework,Version%3Dv4.0"
		Debug.AspNetCompiler.VirtualPath = "/htmlcss1-code"
		Debug.AspNetCompiler.PhysicalPath = "htmlcss1-code\"
		Debug.AspNetCompiler.TargetPath = "PrecompiledWeb\htmlcss1-code\"
		Debug.AspNetCompiler.Updateable = "true"
		Debug.AspNetCompiler.ForceOverwrite = "true"
		Debug.AspNetCompiler.FixedNames = "false"
		Debug.AspNetCompiler.Debug = "True"
		Release.AspNetCompiler.VirtualPath = "/htmlcss1-code"
		Release.AspNetCompiler.PhysicalPath = "htmlcss1-code\"
		Release.AspNetCompiler.TargetPath = "PrecompiledWeb\htmlcss1-code\"
		Release.AspNetCompiler.Updateable = "true"
		Release.AspNetCompiler.ForceOverwrite = "true"
		Release.AspNetCompiler.FixedNames = "false"
		Release.AspNetCompiler.Debug = "False"
		VWDPort = "49835"
	EndProjectSection
EndProject
Global
	GlobalSection(SolutionConfigurationPlatforms) = preSolution
		Debug|Any CPU = Debug|Any CPU
	EndGlobalSection
	GlobalSection(ProjectConfigurationPlatforms) = postSolution
		{4EA9CB75-853E-45FF-90D8-6A8FACBF7BCF}.Debug|Any CPU.ActiveCfg = Debug|Any CPU
		{4EA9CB75-853E-45FF-90D8-6A8FACBF7BCF}.Debug|Any CPU.Build.0 = Debug|Any CPU
	EndGlobalSection
	GlobalSection(SolutionProperties) = preSolution
		HideSolutionNode = FALSE
	EndGlobalSection
EndGlobal
