
Microsoft Visual Studio Solution File, Format Version 12.00
# Visual Studio 2012
Project("{FAE04EC0-301F-11D3-BF4B-00C04F79EFBC}") = "Mustache", "Mustache\Mustache.csproj", "{9144F7BC-503F-412C-A710-9AD55BEBD97A}"
EndProject
Global
	GlobalSection(SolutionConfigurationPlatforms) = preSolution
		Debug|Any CPU = Debug|Any CPU
		Release|Any CPU = Release|Any CPU
	EndGlobalSection
	GlobalSection(ProjectConfigurationPlatforms) = postSolution
		{9144F7BC-503F-412C-A710-9AD55BEBD97A}.Debug|Any CPU.ActiveCfg = Debug|Any CPU
		{9144F7BC-503F-412C-A710-9AD55BEBD97A}.Debug|Any CPU.Build.0 = Debug|Any CPU
		{9144F7BC-503F-412C-A710-9AD55BEBD97A}.Release|Any CPU.ActiveCfg = Release|Any CPU
		{9144F7BC-503F-412C-A710-9AD55BEBD97A}.Release|Any CPU.Build.0 = Release|Any CPU
	EndGlobalSection
	GlobalSection(SolutionProperties) = preSolution
		HideSolutionNode = FALSE
	EndGlobalSection
EndGlobal
